{
  "lockfileVersion": 1,
  "configVersion": 1,
  "workspaces": {
    "": {
      "name": "where-is-pi",
      "devDependencies": {
        "katex": "^0.18.5",
      },
    },
  },
  "packages": {
    "commander": ["commander@15.0.0", "", {}, "sha512-z67u4ZhzCL/Tydu1lJARtEZYWbWaN7oYLHbsuzocr6y4N6WZAagG3RQ4FW61V1/0+jImpj293XfrcYnd1qxtPg=="],

    "katex": ["katex@0.18.5", "", { "dependencies": { "commander": "^15.0.0" }, "bin": { "katex": "cli.js" } }, "sha512-1FU5H3RjGJVj6GT9fMjf2uMIXmPQp232aXS3UEeQzf0dxefHg/CKMvNB3DuOC46LFG/E5PNxrE8dOwB782FDGg=="],
  }
}
